
Microsoft Visual Studio Solution File, Format Version 12.00
# Visual Studio 15
VisualStudioVersion = 15.0.27130.2020
MinimumVisualStudioVersion = 10.0.40219.1
Project("{FAE04EC0-301F-11D3-BF4B-00C04F79EFBC}") = "School.web", "School.web\School.web.csproj", "{A082477F-B46B-4A5F-8749-5FE3DB18AE22}"
EndProject
Project("{FAE04EC0-301F-11D3-BF4B-00C04F79EFBC}") = "School.Database", "School.Database\School.Database.csproj", "{7FC0F992-01FE-43C9-86E5-51DE63624ECA}"
EndProject
Project("{FAE04EC0-301F-11D3-BF4B-00C04F79EFBC}") = "School.Entities", "School.Entities\School.Entities.csproj", "{EF745A3D-35CB-4717-AE23-5EDF59BC4629}"
EndProject
Project("{FAE04EC0-301F-11D3-BF4B-00C04F79EFBC}") = "School.Services", "School.Services\School.Services.csproj", "{4F1576DE-8B07-48E4-AF3B-29C3B53B5905}"
EndProject
Project("{FAE04EC0-301F-11D3-BF4B-00C04F79EFBC}") = "School.App", "School.App\School.App.csproj", "{0E7A559B-6372-4787-9280-08775EE7661C}"
EndProject
Project("{FAE04EC0-301F-11D3-BF4B-00C04F79EFBC}") = "School.Globals", "School.Globals\School.Globals.csproj", "{58DBB45F-27AB-4B6A-BD46-F2FA31C9692B}"
EndProject
Global
	GlobalSection(SolutionConfigurationPlatforms) = preSolution
		Debug|Any CPU = Debug|Any CPU
		Release|Any CPU = Release|Any CPU
	EndGlobalSection
	GlobalSection(ProjectConfigurationPlatforms) = postSolution
		{A082477F-B46B-4A5F-8749-5FE3DB18AE22}.Debug|Any CPU.ActiveCfg = Debug|Any CPU
		{A082477F-B46B-4A5F-8749-5FE3DB18AE22}.Debug|Any CPU.Build.0 = Debug|Any CPU
		{A082477F-B46B-4A5F-8749-5FE3DB18AE22}.Release|Any CPU.ActiveCfg = Release|Any CPU
		{A082477F-B46B-4A5F-8749-5FE3DB18AE22}.Release|Any CPU.Build.0 = Release|Any CPU
		{7FC0F992-01FE-43C9-86E5-51DE63624ECA}.Debug|Any CPU.ActiveCfg = Debug|Any CPU
		{7FC0F992-01FE-43C9-86E5-51DE63624ECA}.Debug|Any CPU.Build.0 = Debug|Any CPU
		{7FC0F992-01FE-43C9-86E5-51DE63624ECA}.Release|Any CPU.ActiveCfg = Release|Any CPU
		{7FC0F992-01FE-43C9-86E5-51DE63624ECA}.Release|Any CPU.Build.0 = Release|Any CPU
		{EF745A3D-35CB-4717-AE23-5EDF59BC4629}.Debug|Any CPU.ActiveCfg = Debug|Any CPU
		{EF745A3D-35CB-4717-AE23-5EDF59BC4629}.Debug|Any CPU.Build.0 = Debug|Any CPU
		{EF745A3D-35CB-4717-AE23-5EDF59BC4629}.Release|Any CPU.ActiveCfg = Release|Any CPU
		{EF745A3D-35CB-4717-AE23-5EDF59BC4629}.Release|Any CPU.Build.0 = Release|Any CPU
		{4F1576DE-8B07-48E4-AF3B-29C3B53B5905}.Debug|Any CPU.ActiveCfg = Debug|Any CPU
		{4F1576DE-8B07-48E4-AF3B-29C3B53B5905}.Debug|Any CPU.Build.0 = Debug|Any CPU
		{4F1576DE-8B07-48E4-AF3B-29C3B53B5905}.Release|Any CPU.ActiveCfg = Release|Any CPU
		{4F1576DE-8B07-48E4-AF3B-29C3B53B5905}.Release|Any CPU.Build.0 = Release|Any CPU
		{0E7A559B-6372-4787-9280-08775EE7661C}.Debug|Any CPU.ActiveCfg = Debug|Any CPU
		{0E7A559B-6372-4787-9280-08775EE7661C}.Debug|Any CPU.Build.0 = Debug|Any CPU
		{0E7A559B-6372-4787-9280-08775EE7661C}.Release|Any CPU.ActiveCfg = Release|Any CPU
		{0E7A559B-6372-4787-9280-08775EE7661C}.Release|Any CPU.Build.0 = Release|Any CPU
		{58DBB45F-27AB-4B6A-BD46-F2FA31C9692B}.Debug|Any CPU.ActiveCfg = Debug|Any CPU
		{58DBB45F-27AB-4B6A-BD46-F2FA31C9692B}.Debug|Any CPU.Build.0 = Debug|Any CPU
		{58DBB45F-27AB-4B6A-BD46-F2FA31C9692B}.Release|Any CPU.ActiveCfg = Release|Any CPU
		{58DBB45F-27AB-4B6A-BD46-F2FA31C9692B}.Release|Any CPU.Build.0 = Release|Any CPU
	EndGlobalSection
	GlobalSection(SolutionProperties) = preSolution
		HideSolutionNode = FALSE
	EndGlobalSection
	GlobalSection(ExtensibilityGlobals) = postSolution
		SolutionGuid = {EDA6C643-31EA-4B71-8698-75EE5A464B27}
	EndGlobalSection
EndGlobal
